
Microsoft Visual Studio Solution File, Format Version 12.00
# Visual Studio Version 16
VisualStudioVersion = 16.0.31129.286
MinimumVisualStudioVersion = 10.0.40219.1
Project("{2150E333-8FDC-42A3-9474-1A3956D46DE8}") = "src", "src", "{D8DAAD6A-E0F9-4604-9176-6549B83955D8}"
EndProject
Project("{9A19103F-16F7-4668-BE54-9A1E7A4F7556}") = "TestTask.Application", "src\TestTask.Application\TestTask.Application.csproj", "{CC383A06-90EA-4FD7-981E-F9B921D84548}"
EndProject
Project("{9A19103F-16F7-4668-BE54-9A1E7A4F7556}") = "TestTask.Database", "src\TestTask.Database\TestTask.Database.csproj", "{F526976F-BC1E-48CB-86DD-CC76B2C3FABB}"
EndProject
Project("{9A19103F-16F7-4668-BE54-9A1E7A4F7556}") = "TestTask.Domain", "src\TestTask.Domain\TestTask.Domain.csproj", "{CCA9563B-0FED-4072-89AA-CC6060D5F167}"
EndProject
Project("{9A19103F-16F7-4668-BE54-9A1E7A4F7556}") = "TestTask.Shared", "src\TestTask.Shared\TestTask.Shared.csproj", "{66D2992A-0E56-462A-9705-F2BDE35E3B20}"
EndProject
Project("{9A19103F-16F7-4668-BE54-9A1E7A4F7556}") = "TestTask.UI", "src\TestTask.UI\TestTask.UI.csproj", "{44486151-3F09-4A62-980D-42162B2B2037}"
EndProject
Global
	GlobalSection(SolutionConfigurationPlatforms) = preSolution
		Debug|Any CPU = Debug|Any CPU
		Release|Any CPU = Release|Any CPU
	EndGlobalSection
	GlobalSection(ProjectConfigurationPlatforms) = postSolution
		{CC383A06-90EA-4FD7-981E-F9B921D84548}.Debug|Any CPU.ActiveCfg = Debug|Any CPU
		{CC383A06-90EA-4FD7-981E-F9B921D84548}.Debug|Any CPU.Build.0 = Debug|Any CPU
		{CC383A06-90EA-4FD7-981E-F9B921D84548}.Release|Any CPU.ActiveCfg = Release|Any CPU
		{CC383A06-90EA-4FD7-981E-F9B921D84548}.Release|Any CPU.Build.0 = Release|Any CPU
		{F526976F-BC1E-48CB-86DD-CC76B2C3FABB}.Debug|Any CPU.ActiveCfg = Debug|Any CPU
		{F526976F-BC1E-48CB-86DD-CC76B2C3FABB}.Debug|Any CPU.Build.0 = Debug|Any CPU
		{F526976F-BC1E-48CB-86DD-CC76B2C3FABB}.Release|Any CPU.ActiveCfg = Release|Any CPU
		{F526976F-BC1E-48CB-86DD-CC76B2C3FABB}.Release|Any CPU.Build.0 = Release|Any CPU
		{CCA9563B-0FED-4072-89AA-CC6060D5F167}.Debug|Any CPU.ActiveCfg = Debug|Any CPU
		{CCA9563B-0FED-4072-89AA-CC6060D5F167}.Debug|Any CPU.Build.0 = Debug|Any CPU
		{CCA9563B-0FED-4072-89AA-CC6060D5F167}.Release|Any CPU.ActiveCfg = Release|Any CPU
		{CCA9563B-0FED-4072-89AA-CC6060D5F167}.Release|Any CPU.Build.0 = Release|Any CPU
		{66D2992A-0E56-462A-9705-F2BDE35E3B20}.Debug|Any CPU.ActiveCfg = Debug|Any CPU
		{66D2992A-0E56-462A-9705-F2BDE35E3B20}.Debug|Any CPU.Build.0 = Debug|Any CPU
		{66D2992A-0E56-462A-9705-F2BDE35E3B20}.Release|Any CPU.ActiveCfg = Release|Any CPU
		{66D2992A-0E56-462A-9705-F2BDE35E3B20}.Release|Any CPU.Build.0 = Release|Any CPU
		{44486151-3F09-4A62-980D-42162B2B2037}.Debug|Any CPU.ActiveCfg = Debug|Any CPU
		{44486151-3F09-4A62-980D-42162B2B2037}.Debug|Any CPU.Build.0 = Debug|Any CPU
		{44486151-3F09-4A62-980D-42162B2B2037}.Release|Any CPU.ActiveCfg = Release|Any CPU
		{44486151-3F09-4A62-980D-42162B2B2037}.Release|Any CPU.Build.0 = Release|Any CPU
	EndGlobalSection
	GlobalSection(SolutionProperties) = preSolution
		HideSolutionNode = FALSE
	EndGlobalSection
	GlobalSection(NestedProjects) = preSolution
		{CC383A06-90EA-4FD7-981E-F9B921D84548} = {D8DAAD6A-E0F9-4604-9176-6549B83955D8}
		{F526976F-BC1E-48CB-86DD-CC76B2C3FABB} = {D8DAAD6A-E0F9-4604-9176-6549B83955D8}
		{CCA9563B-0FED-4072-89AA-CC6060D5F167} = {D8DAAD6A-E0F9-4604-9176-6549B83955D8}
		{66D2992A-0E56-462A-9705-F2BDE35E3B20} = {D8DAAD6A-E0F9-4604-9176-6549B83955D8}
		{44486151-3F09-4A62-980D-42162B2B2037} = {D8DAAD6A-E0F9-4604-9176-6549B83955D8}
	EndGlobalSection
	GlobalSection(ExtensibilityGlobals) = postSolution
		SolutionGuid = {16762224-9C13-4D69-ADAF-3CF29925E9DC}
	EndGlobalSection
EndGlobal
